// !$*UTF8*$!
{
	archiveVersion = 1;
	classes = {
	};
	objectVersion = 46;
	objects = {

/* Begin PBXBuildFile section */
		84C8B5AF1C0D99E60066EA9A /* Country+Annotation.m in Sources */ = {isa = PBXBuildFile; fileRef = 84C8B5AE1C0D99E60066EA9A /* Country+Annotation.m */; settings = {ASSET_TAGS = (); }; };
		84C8B5B11C0D9A170066EA9A /* MapKit.framework in Frameworks */ = {isa = PBXBuildFile; fileRef = 84C8B5B01C0D9A170066EA9A /* MapKit.framework */; };
		84C8B5B51C0D9BE00066EA9A /* MapViewController.m in Sources */ = {isa = PBXBuildFile; fileRef = 84C8B5B41C0D9BE00066EA9A /* MapViewController.m */; settings = {ASSET_TAGS = (); }; };
		84C8B5B81C0DA3F20066EA9A /* ContactsByCountryTVC.m in Sources */ = {isa = PBXBuildFile; fileRef = 84C8B5B71C0DA3F20066EA9A /* ContactsByCountryTVC.m */; settings = {ASSET_TAGS = (); }; };
		84C9AB831BFC6A7E00DD7DFB /* main.m in Sources */ = {isa = PBXBuildFile; fileRef = 84C9AB821BFC6A7E00DD7DFB /* main.m */; };
		84C9AB861BFC6A7E00DD7DFB /* AppDelegate.m in Sources */ = {isa = PBXBuildFile; fileRef = 84C9AB851BFC6A7E00DD7DFB /* AppDelegate.m */; };
		84C9AB891BFC6A7E00DD7DFB /* ViewController.m in Sources */ = {isa = PBXBuildFile; fileRef = 84C9AB881BFC6A7E00DD7DFB /* ViewController.m */; };
		84C9AB8C1BFC6A7F00DD7DFB /* Main.storyboard in Resources */ = {isa = PBXBuildFile; fileRef = 84C9AB8A1BFC6A7F00DD7DFB /* Main.storyboard */; };
		84C9AB8F1BFC6A7F00DD7DFB /* coredata.xcdatamodeld in Sources */ = {isa = PBXBuildFile; fileRef = 84C9AB8D1BFC6A7F00DD7DFB /* coredata.xcdatamodeld */; };
		84C9AB911BFC6A7F00DD7DFB /* Assets.xcassets in Resources */ = {isa = PBXBuildFile; fileRef = 84C9AB901BFC6A7F00DD7DFB /* Assets.xcassets */; };
		84C9AB941BFC6A7F00DD7DFB /* LaunchScreen.storyboard in Resources */ = {isa = PBXBuildFile; fileRef = 84C9AB921BFC6A7F00DD7DFB /* LaunchScreen.storyboard */; };
		84C9ABA61BFC70A800DD7DFB /* Phone+CoreDataProperties.m in Sources */ = {isa = PBXBuildFile; fileRef = 84C9ABA11BFC70A800DD7DFB /* Phone+CoreDataProperties.m */; settings = {ASSET_TAGS = (); }; };
		84C9ABA71BFC70A800DD7DFB /* Phone.m in Sources */ = {isa = PBXBuildFile; fileRef = 84C9ABA31BFC70A800DD7DFB /* Phone.m */; settings = {ASSET_TAGS = (); }; };
		84C9ABAA1BFC72A300DD7DFB /* TextFieldTableViewCell.m in Sources */ = {isa = PBXBuildFile; fileRef = 84C9ABA91BFC72A300DD7DFB /* TextFieldTableViewCell.m */; settings = {ASSET_TAGS = (); }; };
		84C9ABAE1BFC73C100DD7DFB /* AddPersonController.m in Sources */ = {isa = PBXBuildFile; fileRef = 84C9ABAD1BFC73C100DD7DFB /* AddPersonController.m */; settings = {ASSET_TAGS = (); }; };
		84C9ABB11BFC751E00DD7DFB /* NSManagedObjectContext+MainContext.m in Sources */ = {isa = PBXBuildFile; fileRef = 84C9ABB01BFC751E00DD7DFB /* NSManagedObjectContext+MainContext.m */; settings = {ASSET_TAGS = (); }; };
		84C9ABB41C03019800DD7DFB /* NSManagedObject+ActiveDirectory.m in Sources */ = {isa = PBXBuildFile; fileRef = 84C9ABB31C03019800DD7DFB /* NSManagedObject+ActiveDirectory.m */; settings = {ASSET_TAGS = (); }; };
		84C9ABBB1C0310E900DD7DFB /* PersonMigrationPolicy.m in Sources */ = {isa = PBXBuildFile; fileRef = 84C9ABBA1C0310E900DD7DFB /* PersonMigrationPolicy.m */; settings = {ASSET_TAGS = (); }; };
		84C9ABC41C0312DB00DD7DFB /* Person+CoreDataProperties.m in Sources */ = {isa = PBXBuildFile; fileRef = 84C9ABBD1C0312DB00DD7DFB /* Person+CoreDataProperties.m */; settings = {ASSET_TAGS = (); }; };
		84C9ABC51C0312DB00DD7DFB /* Person.m in Sources */ = {isa = PBXBuildFile; fileRef = 84C9ABBF1C0312DB00DD7DFB /* Person.m */; settings = {ASSET_TAGS = (); }; };
		84C9ABEF1C058FC600DD7DFB /* MappingModel2to3.xcmappingmodel in Sources */ = {isa = PBXBuildFile; fileRef = 84C9ABEE1C058FC600DD7DFB /* MappingModel2to3.xcmappingmodel */; settings = {ASSET_TAGS = (); }; };
		84C9ABF31C059E5E00DD7DFB /* APIManager.m in Sources */ = {isa = PBXBuildFile; fileRef = 84C9ABF21C059E5E00DD7DFB /* APIManager.m */; settings = {ASSET_TAGS = (); }; };
		84C9ABF61C05A62200DD7DFB /* Country+JSONMapping.m in Sources */ = {isa = PBXBuildFile; fileRef = 84C9ABF51C05A62200DD7DFB /* Country+JSONMapping.m */; settings = {ASSET_TAGS = (); }; };
		84C9ABFC1C05A72A00DD7DFB /* Country+CoreDataProperties.m in Sources */ = {isa = PBXBuildFile; fileRef = 84C9ABF91C05A72A00DD7DFB /* Country+CoreDataProperties.m */; settings = {ASSET_TAGS = (); }; };
		84C9ABFD1C05A72A00DD7DFB /* Country.m in Sources */ = {isa = PBXBuildFile; fileRef = 84C9ABFB1C05A72A00DD7DFB /* Country.m */; settings = {ASSET_TAGS = (); }; };
		84C9AC001C05AF2A00DD7DFB /* CountryListController.m in Sources */ = {isa = PBXBuildFile; fileRef = 84C9ABFF1C05AF2A00DD7DFB /* CountryListController.m */; settings = {ASSET_TAGS = (); }; };
/* End PBXBuildFile section */

/* Begin PBXFileReference section */
		84C8B5AB1C0D97E00066EA9A /* coredata 5.xcdatamodel */ = {isa = PBXFileReference; lastKnownFileType = wrapper.xcdatamodel; path = "coredata 5.xcdatamodel"; sourceTree = "<group>"; };
		84C8B5AD1C0D99E60066EA9A /* Country+Annotation.h */ = {isa = PBXFileReference; fileEncoding = 4; lastKnownFileType = sourcecode.c.h; name = "Country+Annotation.h"; path = "Models/Country+Annotation.h"; sourceTree = "<group>"; };
		84C8B5AE1C0D99E60066EA9A /* Country+Annotation.m */ = {isa = PBXFileReference; fileEncoding = 4; lastKnownFileType = sourcecode.c.objc; name = "Country+Annotation.m"; path = "Models/Country+Annotation.m"; sourceTree = "<group>"; };
		84C8B5B01C0D9A170066EA9A /* MapKit.framework */ = {isa = PBXFileReference; lastKnownFileType = wrapper.framework; name = MapKit.framework; path = System/Library/Frameworks/MapKit.framework; sourceTree = SDKROOT; };
		84C8B5B31C0D9BE00066EA9A /* MapViewController.h */ = {isa = PBXFileReference; fileEncoding = 4; lastKnownFileType = sourcecode.c.h; path = MapViewController.h; sourceTree = "<group>"; };
		84C8B5B41C0D9BE00066EA9A /* MapViewController.m */ = {isa = PBXFileReference; fileEncoding = 4; lastKnownFileType = sourcecode.c.objc; path = MapViewController.m; sourceTree = "<group>"; };
		84C8B5B61C0DA3F20066EA9A /* ContactsByCountryTVC.h */ = {isa = PBXFileReference; fileEncoding = 4; lastKnownFileType = sourcecode.c.h; path = ContactsByCountryTVC.h; sourceTree = "<group>"; };
		84C8B5B71C0DA3F20066EA9A /* ContactsByCountryTVC.m */ = {isa = PBXFileReference; fileEncoding = 4; lastKnownFileType = sourcecode.c.objc; path = ContactsByCountryTVC.m; sourceTree = "<group>"; };
		84C9AB7E1BFC6A7E00DD7DFB /* coredata.app */ = {isa = PBXFileReference; explicitFileType = wrapper.application; includeInIndex = 0; path = coredata.app; sourceTree = BUILT_PRODUCTS_DIR; };
		84C9AB821BFC6A7E00DD7DFB /* main.m */ = {isa = PBXFileReference; lastKnownFileType = sourcecode.c.objc; path = main.m; sourceTree = "<group>"; };
		84C9AB841BFC6A7E00DD7DFB /* AppDelegate.h */ = {isa = PBXFileReference; lastKnownFileType = sourcecode.c.h; path = AppDelegate.h; sourceTree = "<group>"; };
		84C9AB851BFC6A7E00DD7DFB /* AppDelegate.m */ = {isa = PBXFileReference; lastKnownFileType = sourcecode.c.objc; path = AppDelegate.m; sourceTree = "<group>"; };
		84C9AB871BFC6A7E00DD7DFB /* ViewController.h */ = {isa = PBXFileReference; lastKnownFileType = sourcecode.c.h; path = ViewController.h; sourceTree = "<group>"; };
		84C9AB881BFC6A7E00DD7DFB /* ViewController.m */ = {isa = PBXFileReference; lastKnownFileType = sourcecode.c.objc; path = ViewController.m; sourceTree = "<group>"; };
		84C9AB8B1BFC6A7F00DD7DFB /* Base */ = {isa = PBXFileReference; lastKnownFileType = file.storyboard; name = Base; path = Base.lproj/Main.storyboard; sourceTree = "<group>"; };
		84C9AB8E1BFC6A7F00DD7DFB /* coredata.xcdatamodel */ = {isa = PBXFileReference; lastKnownFileType = wrapper.xcdatamodel; path = coredata.xcdatamodel; sourceTree = "<group>"; };
		84C9AB901BFC6A7F00DD7DFB /* Assets.xcassets */ = {isa = PBXFileReference; lastKnownFileType = folder.assetcatalog; path = Assets.xcassets; sourceTree = "<group>"; };
		84C9AB931BFC6A7F00DD7DFB /* Base */ = {isa = PBXFileReference; lastKnownFileType = file.storyboard; name = Base; path = Base.lproj/LaunchScreen.storyboard; sourceTree = "<group>"; };
		84C9AB951BFC6A7F00DD7DFB /* Info.plist */ = {isa = PBXFileReference; lastKnownFileType = text.plist.xml; path = Info.plist; sourceTree = "<group>"; };
		84C9ABA01BFC70A800DD7DFB /* Phone+CoreDataProperties.h */ = {isa = PBXFileReference; fileEncoding = 4; lastKnownFileType = sourcecode.c.h; name = "Phone+CoreDataProperties.h"; path = "Models/Phone+CoreDataProperties.h"; sourceTree = "<group>"; };
		84C9ABA11BFC70A800DD7DFB /* Phone+CoreDataProperties.m */ = {isa = PBXFileReference; fileEncoding = 4; lastKnownFileType = sourcecode.c.objc; name = "Phone+CoreDataProperties.m"; path = "Models/Phone+CoreDataProperties.m"; sourceTree = "<group>"; };
		84C9ABA21BFC70A800DD7DFB /* Phone.h */ = {isa = PBXFileReference; fileEncoding = 4; lastKnownFileType = sourcecode.c.h; name = Phone.h; path = Models/Phone.h; sourceTree = "<group>"; };
		84C9ABA31BFC70A800DD7DFB /* Phone.m */ = {isa = PBXFileReference; fileEncoding = 4; lastKnownFileType = sourcecode.c.objc; name = Phone.m; path = Models/Phone.m; sourceTree = "<group>"; };
		84C9ABA81BFC72A300DD7DFB /* TextFieldTableViewCell.h */ = {isa = PBXFileReference; fileEncoding = 4; lastKnownFileType = sourcecode.c.h; name = TextFieldTableViewCell.h; path = Cells/TextFieldTableViewCell.h; sourceTree = "<group>"; };
		84C9ABA91BFC72A300DD7DFB /* TextFieldTableViewCell.m */ = {isa = PBXFileReference; fileEncoding = 4; lastKnownFileType = sourcecode.c.objc; name = TextFieldTableViewCell.m; path = Cells/TextFieldTableViewCell.m; sourceTree = "<group>"; };
		84C9ABAC1BFC73C100DD7DFB /* AddPersonController.h */ = {isa = PBXFileReference; fileEncoding = 4; lastKnownFileType = sourcecode.c.h; path = AddPersonController.h; sourceTree = "<group>"; };
		84C9ABAD1BFC73C100DD7DFB /* AddPersonController.m */ = {isa = PBXFileReference; fileEncoding = 4; lastKnownFileType = sourcecode.c.objc; path = AddPersonController.m; sourceTree = "<group>"; };
		84C9ABAF1BFC751E00DD7DFB /* NSManagedObjectContext+MainContext.h */ = {isa = PBXFileReference; fileEncoding = 4; lastKnownFileType = sourcecode.c.h; path = "NSManagedObjectContext+MainContext.h"; sourceTree = "<group>"; };
		84C9ABB01BFC751E00DD7DFB /* NSManagedObjectContext+MainContext.m */ = {isa = PBXFileReference; fileEncoding = 4; lastKnownFileType = sourcecode.c.objc; path = "NSManagedObjectContext+MainContext.m"; sourceTree = "<group>"; };
		84C9ABB21C03019800DD7DFB /* NSManagedObject+ActiveDirectory.h */ = {isa = PBXFileReference; fileEncoding = 4; lastKnownFileType = sourcecode.c.h; name = "NSManagedObject+ActiveDirectory.h"; path = "Models/NSManagedObject+ActiveDirectory.h"; sourceTree = "<group>"; };
		84C9ABB31C03019800DD7DFB /* NSManagedObject+ActiveDirectory.m */ = {isa = PBXFileReference; fileEncoding = 4; lastKnownFileType = sourcecode.c.objc; name = "NSManagedObject+ActiveDirectory.m"; path = "Models/NSManagedObject+ActiveDirectory.m"; sourceTree = "<group>"; };
		84C9ABB51C030A2F00DD7DFB /* coredata 2.xcdatamodel */ = {isa = PBXFileReference; lastKnownFileType = wrapper.xcdatamodel; path = "coredata 2.xcdatamodel"; sourceTree = "<group>"; };
		84C9ABB61C030EFF00DD7DFB /* coredata 3.xcdatamodel */ = {isa = PBXFileReference; lastKnownFileType = wrapper.xcdatamodel; path = "coredata 3.xcdatamodel"; sourceTree = "<group>"; };
		84C9ABB91C0310E900DD7DFB /* PersonMigrationPolicy.h */ = {isa = PBXFileReference; fileEncoding = 4; lastKnownFileType = sourcecode.c.h; name = PersonMigrationPolicy.h; path = Models/PersonMigrationPolicy.h; sourceTree = "<group>"; };
		84C9ABBA1C0310E900DD7DFB /* PersonMigrationPolicy.m */ = {isa = PBXFileReference; fileEncoding = 4; lastKnownFileType = sourcecode.c.objc; name = PersonMigrationPolicy.m; path = Models/PersonMigrationPolicy.m; sourceTree = "<group>"; };
		84C9ABBC1C0312DB00DD7DFB /* Person+CoreDataProperties.h */ = {isa = PBXFileReference; fileEncoding = 4; lastKnownFileType = sourcecode.c.h; path = "Person+CoreDataProperties.h"; sourceTree = "<group>"; };
		84C9ABBD1C0312DB00DD7DFB /* Person+CoreDataProperties.m */ = {isa = PBXFileReference; fileEncoding = 4; lastKnownFileType = sourcecode.c.objc; path = "Person+CoreDataProperties.m"; sourceTree = "<group>"; };
		84C9ABBE1C0312DB00DD7DFB /* Person.h */ = {isa = PBXFileReference; fileEncoding = 4; lastKnownFileType = sourcecode.c.h; path = Person.h; sourceTree = "<group>"; };
		84C9ABBF1C0312DB00DD7DFB /* Person.m */ = {isa = PBXFileReference; fileEncoding = 4; lastKnownFileType = sourcecode.c.objc; path = Person.m; sourceTree = "<group>"; };
		84C9ABEE1C058FC600DD7DFB /* MappingModel2to3.xcmappingmodel */ = {isa = PBXFileReference; lastKnownFileType = wrapper.xcmappingmodel; path = MappingModel2to3.xcmappingmodel; sourceTree = "<group>"; };
		84C9ABF11C059E5E00DD7DFB /* APIManager.h */ = {isa = PBXFileReference; fileEncoding = 4; lastKnownFileType = sourcecode.c.h; name = APIManager.h; path = Network/APIManager.h; sourceTree = "<group>"; };
		84C9ABF21C059E5E00DD7DFB /* APIManager.m */ = {isa = PBXFileReference; fileEncoding = 4; lastKnownFileType = sourcecode.c.objc; name = APIManager.m; path = Network/APIManager.m; sourceTree = "<group>"; };
		84C9ABF41C05A62200DD7DFB /* Country+JSONMapping.h */ = {isa = PBXFileReference; fileEncoding = 4; lastKnownFileType = sourcecode.c.h; name = "Country+JSONMapping.h"; path = "Models/Country+JSONMapping.h"; sourceTree = "<group>"; };
		84C9ABF51C05A62200DD7DFB /* Country+JSONMapping.m */ = {isa = PBXFileReference; fileEncoding = 4; lastKnownFileType = sourcecode.c.objc; name = "Country+JSONMapping.m"; path = "Models/Country+JSONMapping.m"; sourceTree = "<group>"; };
		84C9ABF71C05A6E500DD7DFB /* coredata 4.xcdatamodel */ = {isa = PBXFileReference; lastKnownFileType = wrapper.xcdatamodel; path = "coredata 4.xcdatamodel"; sourceTree = "<group>"; };
		84C9ABF81C05A72A00DD7DFB /* Country+CoreDataProperties.h */ = {isa = PBXFileReference; fileEncoding = 4; lastKnownFileType = sourcecode.c.h; name = "Country+CoreDataProperties.h"; path = "Models/Country+CoreDataProperties.h"; sourceTree = "<group>"; };
		84C9ABF91C05A72A00DD7DFB /* Country+CoreDataProperties.m */ = {isa = PBXFileReference; fileEncoding = 4; lastKnownFileType = sourcecode.c.objc; name = "Country+CoreDataProperties.m"; path = "Models/Country+CoreDataProperties.m"; sourceTree = "<group>"; };
		84C9ABFA1C05A72A00DD7DFB /* Country.h */ = {isa = PBXFileReference; fileEncoding = 4; lastKnownFileType = sourcecode.c.h; name = Country.h; path = Models/Country.h; sourceTree = "<group>"; };
		84C9ABFB1C05A72A00DD7DFB /* Country.m */ = {isa = PBXFileReference; fileEncoding = 4; lastKnownFileType = sourcecode.c.objc; name = Country.m; path = Models/Country.m; sourceTree = "<group>"; };
		84C9ABFE1C05AF2A00DD7DFB /* CountryListController.h */ = {isa = PBXFileReference; fileEncoding = 4; lastKnownFileType = sourcecode.c.h; path = CountryListController.h; sourceTree = "<group>"; };
		84C9ABFF1C05AF2A00DD7DFB /* CountryListController.m */ = {isa = PBXFileReference; fileEncoding = 4; lastKnownFileType = sourcecode.c.objc; path = CountryListController.m; sourceTree = "<group>"; };
/* End PBXFileReference section */

/* Begin PBXFrameworksBuildPhase section */
		84C9AB7B1BFC6A7E00DD7DFB /* Frameworks */ = {
			isa = PBXFrameworksBuildPhase;
			buildActionMask = 2147483647;
			files = (
				84C8B5B11C0D9A170066EA9A /* MapKit.framework in Frameworks */,
			);
			runOnlyForDeploymentPostprocessing = 0;
		};
/* End PBXFrameworksBuildPhase section */

/* Begin PBXGroup section */
		84C8B5AC1C0D99AE0066EA9A /* Map */ = {
			isa = PBXGroup;
			children = (
				84C8B5AD1C0D99E60066EA9A /* Country+Annotation.h */,
				84C8B5AE1C0D99E60066EA9A /* Country+Annotation.m */,
			);
			name = Map;
			sourceTree = "<group>";
		};
		84C8B5B21C0D9A240066EA9A /* Frameworks */ = {
			isa = PBXGroup;
			children = (
				84C8B5B01C0D9A170066EA9A /* MapKit.framework */,
			);
			name = Frameworks;
			path = ..;
			sourceTree = "<group>";
		};
		84C9AB751BFC6A7E00DD7DFB = {
			isa = PBXGroup;
			children = (
				84C9AB801BFC6A7E00DD7DFB /* coredata */,
				84C9AB7F1BFC6A7E00DD7DFB /* Products */,
			);
			sourceTree = "<group>";
		};
		84C9AB7F1BFC6A7E00DD7DFB /* Products */ = {
			isa = PBXGroup;
			children = (
				84C9AB7E1BFC6A7E00DD7DFB /* coredata.app */,
			);
			name = Products;
			sourceTree = "<group>";
		};
		84C9AB801BFC6A7E00DD7DFB /* coredata */ = {
			isa = PBXGroup;
			children = (
				84C8B5AC1C0D99AE0066EA9A /* Map */,
				84C9ABF01C059E3A00DD7DFB /* Network */,
				84C9ABAB1BFC72A800DD7DFB /* Cells */,
				84C9AB9B1BFC704000DD7DFB /* Models */,
				84C8B5B31C0D9BE00066EA9A /* MapViewController.h */,
				84C8B5B41C0D9BE00066EA9A /* MapViewController.m */,
				84C9AB871BFC6A7E00DD7DFB /* ViewController.h */,
				84C9AB881BFC6A7E00DD7DFB /* ViewController.m */,
				84C9ABAC1BFC73C100DD7DFB /* AddPersonController.h */,
				84C9ABAD1BFC73C100DD7DFB /* AddPersonController.m */,
				84C9ABFE1C05AF2A00DD7DFB /* CountryListController.h */,
				84C9ABFF1C05AF2A00DD7DFB /* CountryListController.m */,
				84C8B5B61C0DA3F20066EA9A /* ContactsByCountryTVC.h */,
				84C8B5B71C0DA3F20066EA9A /* ContactsByCountryTVC.m */,
				84C9AB8A1BFC6A7F00DD7DFB /* Main.storyboard */,
				84C9AB901BFC6A7F00DD7DFB /* Assets.xcassets */,
				84C9AB921BFC6A7F00DD7DFB /* LaunchScreen.storyboard */,
				84C9AB951BFC6A7F00DD7DFB /* Info.plist */,
				84C9AB8D1BFC6A7F00DD7DFB /* coredata.xcdatamodeld */,
				84C8B5B21C0D9A240066EA9A /* Frameworks */,
				84C9AB811BFC6A7E00DD7DFB /* Supporting Files */,
			);
			path = coredata;
			sourceTree = "<group>";
		};
		84C9AB811BFC6A7E00DD7DFB /* Supporting Files */ = {
			isa = PBXGroup;
			children = (
				84C9AB841BFC6A7E00DD7DFB /* AppDelegate.h */,
				84C9AB851BFC6A7E00DD7DFB /* AppDelegate.m */,
				84C9AB821BFC6A7E00DD7DFB /* main.m */,
			);
			name = "Supporting Files";
			sourceTree = "<group>";
		};
		84C9AB9B1BFC704000DD7DFB /* Models */ = {
			isa = PBXGroup;
			children = (
				84C9ABF81C05A72A00DD7DFB /* Country+CoreDataProperties.h */,
				84C9ABF91C05A72A00DD7DFB /* Country+CoreDataProperties.m */,
				84C9ABFA1C05A72A00DD7DFB /* Country.h */,
				84C9ABFB1C05A72A00DD7DFB /* Country.m */,
				84C9ABAF1BFC751E00DD7DFB /* NSManagedObjectContext+MainContext.h */,
				84C9ABB01BFC751E00DD7DFB /* NSManagedObjectContext+MainContext.m */,
				84C9ABBC1C0312DB00DD7DFB /* Person+CoreDataProperties.h */,
				84C9ABBD1C0312DB00DD7DFB /* Person+CoreDataProperties.m */,
				84C9ABBE1C0312DB00DD7DFB /* Person.h */,
				84C9ABBF1C0312DB00DD7DFB /* Person.m */,
				84C9ABEE1C058FC600DD7DFB /* MappingModel2to3.xcmappingmodel */,
				84C9ABB21C03019800DD7DFB /* NSManagedObject+ActiveDirectory.h */,
				84C9ABB31C03019800DD7DFB /* NSManagedObject+ActiveDirectory.m */,
				84C9ABA01BFC70A800DD7DFB /* Phone+CoreDataProperties.h */,
				84C9ABA11BFC70A800DD7DFB /* Phone+CoreDataProperties.m */,
				84C9ABA21BFC70A800DD7DFB /* Phone.h */,
				84C9ABA31BFC70A800DD7DFB /* Phone.m */,
				84C9ABB91C0310E900DD7DFB /* PersonMigrationPolicy.h */,
				84C9ABBA1C0310E900DD7DFB /* PersonMigrationPolicy.m */,
				84C9ABF41C05A62200DD7DFB /* Country+JSONMapping.h */,
				84C9ABF51C05A62200DD7DFB /* Country+JSONMapping.m */,
			);
			name = Models;
			sourceTree = "<group>";
		};
		84C9ABAB1BFC72A800DD7DFB /* Cells */ = {
			isa = PBXGroup;
			children = (
				84C9ABA81BFC72A300DD7DFB /* TextFieldTableViewCell.h */,
				84C9ABA91BFC72A300DD7DFB /* TextFieldTableViewCell.m */,
			);
			name = Cells;
			sourceTree = "<group>";
		};
		84C9ABF01C059E3A00DD7DFB /* Network */ = {
			isa = PBXGroup;
			children = (
				84C9ABF11C059E5E00DD7DFB /* APIManager.h */,
				84C9ABF21C059E5E00DD7DFB /* APIManager.m */,
			);
			name = Network;
			sourceTree = "<group>";
		};
/* End PBXGroup section */

/* Begin PBXNativeTarget section */
		84C9AB7D1BFC6A7E00DD7DFB /* coredata */ = {
			isa = PBXNativeTarget;
			buildConfigurationList = 84C9AB981BFC6A7F00DD7DFB /* Build configuration list for PBXNativeTarget "coredata" */;
			buildPhases = (
				84C9AB7A1BFC6A7E00DD7DFB /* Sources */,
				84C9AB7B1BFC6A7E00DD7DFB /* Frameworks */,
				84C9AB7C1BFC6A7E00DD7DFB /* Resources */,
			);
			buildRules = (
			);
			dependencies = (
			);
			name = coredata;
			productName = coredata;
			productReference = 84C9AB7E1BFC6A7E00DD7DFB /* coredata.app */;
			productType = "com.apple.product-type.application";
		};
/* End PBXNativeTarget section */

/* Begin PBXProject section */
		84C9AB761BFC6A7E00DD7DFB /* Project object */ = {
			isa = PBXProject;
			attributes = {
				LastUpgradeCheck = 0700;
				ORGANIZATIONNAME = "Wire IT College";
				TargetAttributes = {
					84C9AB7D1BFC6A7E00DD7DFB = {
						CreatedOnToolsVersion = 7.0.1;
					};
				};
			};
			buildConfigurationList = 84C9AB791BFC6A7E00DD7DFB /* Build configuration list for PBXProject "coredata" */;
			compatibilityVersion = "Xcode 3.2";
			developmentRegion = English;
			hasScannedForEncodings = 0;
			knownRegions = (
				en,
				Base,
			);
			mainGroup = 84C9AB751BFC6A7E00DD7DFB;
			productRefGroup = 84C9AB7F1BFC6A7E00DD7DFB /* Products */;
			projectDirPath = "";
			projectRoot = "";
			targets = (
				84C9AB7D1BFC6A7E00DD7DFB /* coredata */,
			);
		};
/* End PBXProject section */

/* Begin PBXResourcesBuildPhase section */
		84C9AB7C1BFC6A7E00DD7DFB /* Resources */ = {
			isa = PBXResourcesBuildPhase;
			buildActionMask = 2147483647;
			files = (
				84C9AB941BFC6A7F00DD7DFB /* LaunchScreen.storyboard in Resources */,
				84C9AB911BFC6A7F00DD7DFB /* Assets.xcassets in Resources */,
				84C9AB8C1BFC6A7F00DD7DFB /* Main.storyboard in Resources */,
			);
			runOnlyForDeploymentPostprocessing = 0;
		};
/* End PBXResourcesBuildPhase section */

/* Begin PBXSourcesBuildPhase section */
		84C9AB7A1BFC6A7E00DD7DFB /* Sources */ = {
			isa = PBXSourcesBuildPhase;
			buildActionMask = 2147483647;
			files = (
				84C8B5B81C0DA3F20066EA9A /* ContactsByCountryTVC.m in Sources */,
				84C9ABAE1BFC73C100DD7DFB /* AddPersonController.m in Sources */,
				84C9ABA61BFC70A800DD7DFB /* Phone+CoreDataProperties.m in Sources */,
				84C9ABFC1C05A72A00DD7DFB /* Country+CoreDataProperties.m in Sources */,
				84C9ABC51C0312DB00DD7DFB /* Person.m in Sources */,
				84C9ABFD1C05A72A00DD7DFB /* Country.m in Sources */,
				84C9ABBB1C0310E900DD7DFB /* PersonMigrationPolicy.m in Sources */,
				84C8B5B51C0D9BE00066EA9A /* MapViewController.m in Sources */,
				84C9ABB41C03019800DD7DFB /* NSManagedObject+ActiveDirectory.m in Sources */,
				84C9AB8F1BFC6A7F00DD7DFB /* coredata.xcdatamodeld in Sources */,
				84C9AB891BFC6A7E00DD7DFB /* ViewController.m in Sources */,
				84C9ABEF1C058FC600DD7DFB /* MappingModel2to3.xcmappingmodel in Sources */,
				84C9ABB11BFC751E00DD7DFB /* NSManagedObjectContext+MainContext.m in Sources */,
				84C9ABC41C0312DB00DD7DFB /* Person+CoreDataProperties.m in Sources */,
				84C9ABA71BFC70A800DD7DFB /* Phone.m in Sources */,
				84C9AB861BFC6A7E00DD7DFB /* AppDelegate.m in Sources */,
				84C9AC001C05AF2A00DD7DFB /* CountryListController.m in Sources */,
				84C9AB831BFC6A7E00DD7DFB /* main.m in Sources */,
				84C9ABF31C059E5E00DD7DFB /* APIManager.m in Sources */,
				84C8B5AF1C0D99E60066EA9A /* Country+Annotation.m in Sources */,
				84C9ABAA1BFC72A300DD7DFB /* TextFieldTableViewCell.m in Sources */,
				84C9ABF61C05A62200DD7DFB /* Country+JSONMapping.m in Sources */,
			);
			runOnlyForDeploymentPostprocessing = 0;
		};
/* End PBXSourcesBuildPhase section */

/* Begin PBXVariantGroup section */
		84C9AB8A1BFC6A7F00DD7DFB /* Main.storyboard */ = {
			isa = PBXVariantGroup;
			children = (
				84C9AB8B1BFC6A7F00DD7DFB /* Base */,
			);
			name = Main.storyboard;
			sourceTree = "<group>";
		};
		84C9AB921BFC6A7F00DD7DFB /* LaunchScreen.storyboard */ = {
			isa = PBXVariantGroup;
			children = (
				84C9AB931BFC6A7F00DD7DFB /* Base */,
			);
			name = LaunchScreen.storyboard;
			sourceTree = "<group>";
		};
/* End PBXVariantGroup section */

/* Begin XCBuildConfiguration section */
		84C9AB961BFC6A7F00DD7DFB /* Debug */ = {
			isa = XCBuildConfiguration;
			buildSettings = {
				ALWAYS_SEARCH_USER_PATHS = NO;
				CLANG_CXX_LANGUAGE_STANDARD = "gnu++0x";
				CLANG_CXX_LIBRARY = "libc++";
				CLANG_ENABLE_MODULES = YES;
				CLANG_ENABLE_OBJC_ARC = YES;
				CLANG_WARN_BOOL_CONVERSION = YES;
				CLANG_WARN_CONSTANT_CONVERSION = YES;
				CLANG_WARN_DIRECT_OBJC_ISA_USAGE = YES_ERROR;
				CLANG_WARN_EMPTY_BODY = YES;
				CLANG_WARN_ENUM_CONVERSION = YES;
				CLANG_WARN_INT_CONVERSION = YES;
				CLANG_WARN_OBJC_ROOT_CLASS = YES_ERROR;
				CLANG_WARN_UNREACHABLE_CODE = YES;
				CLANG_WARN__DUPLICATE_METHOD_MATCH = YES;
				"CODE_SIGN_IDENTITY[sdk=iphoneos*]" = "iPhone Developer";
				COPY_PHASE_STRIP = NO;
				DEBUG_INFORMATION_FORMAT = dwarf;
				ENABLE_STRICT_OBJC_MSGSEND = YES;
				ENABLE_TESTABILITY = YES;
				GCC_C_LANGUAGE_STANDARD = gnu99;
				GCC_DYNAMIC_NO_PIC = NO;
				GCC_NO_COMMON_BLOCKS = YES;
				GCC_OPTIMIZATION_LEVEL = 0;
				GCC_PREPROCESSOR_DEFINITIONS = (
					"DEBUG=1",
					"$(inherited)",
				);
				GCC_WARN_64_TO_32_BIT_CONVERSION = YES;
				GCC_WARN_ABOUT_RETURN_TYPE = YES_ERROR;
				GCC_WARN_UNDECLARED_SELECTOR = YES;
				GCC_WARN_UNINITIALIZED_AUTOS = YES_AGGRESSIVE;
				GCC_WARN_UNUSED_FUNCTION = YES;
				GCC_WARN_UNUSED_VARIABLE = YES;
				IPHONEOS_DEPLOYMENT_TARGET = 9.0;
				MTL_ENABLE_DEBUG_INFO = YES;
				ONLY_ACTIVE_ARCH = YES;
				SDKROOT = iphoneos;
			};
			name = Debug;
		};
		84C9AB971BFC6A7F00DD7DFB /* Release */ = {
			isa = XCBuildConfiguration;
			buildSettings = {
				ALWAYS_SEARCH_USER_PATHS = NO;
				CLANG_CXX_LANGUAGE_STANDARD = "gnu++0x";
				CLANG_CXX_LIBRARY = "libc++";
				CLANG_ENABLE_MODULES = YES;
				CLANG_ENABLE_OBJC_ARC = YES;
				CLANG_WARN_BOOL_CONVERSION = YES;
				CLANG_WARN_CONSTANT_CONVERSION = YES;
				CLANG_WARN_DIRECT_OBJC_ISA_USAGE = YES_ERROR;
				CLANG_WARN_EMPTY_BODY = YES;
				CLANG_WARN_ENUM_CONVERSION = YES;
				CLANG_WARN_INT_CONVERSION = YES;
				CLANG_WARN_OBJC_ROOT_CLASS = YES_ERROR;
				CLANG_WARN_UNREACHABLE_CODE = YES;
				CLANG_WARN__DUPLICATE_METHOD_MATCH = YES;
				"CODE_SIGN_IDENTITY[sdk=iphoneos*]" = "iPhone Developer";
				COPY_PHASE_STRIP = NO;
				DEBUG_INFORMATION_FORMAT = "dwarf-with-dsym";
				ENABLE_NS_ASSERTIONS = NO;
				ENABLE_STRICT_OBJC_MSGSEND = YES;
				GCC_C_LANGUAGE_STANDARD = gnu99;
				GCC_NO_COMMON_BLOCKS = YES;
				GCC_WARN_64_TO_32_BIT_CONVERSION = YES;
				GCC_WARN_ABOUT_RETURN_TYPE = YES_ERROR;
				GCC_WARN_UNDECLARED_SELECTOR = YES;
				GCC_WARN_UNINITIALIZED_AUTOS = YES_AGGRESSIVE;
				GCC_WARN_UNUSED_FUNCTION = YES;
				GCC_WARN_UNUSED_VARIABLE = YES;
				IPHONEOS_DEPLOYMENT_TARGET = 9.0;
				MTL_ENABLE_DEBUG_INFO = NO;
				SDKROOT = iphoneos;
				VALIDATE_PRODUCT = YES;
			};
			name = Release;
		};
		84C9AB991BFC6A7F00DD7DFB /* Debug */ = {
			isa = XCBuildConfiguration;
			buildSettings = {
				ASSETCATALOG_COMPILER_APPICON_NAME = AppIcon;
				INFOPLIST_FILE = coredata/Info.plist;
				LD_RUNPATH_SEARCH_PATHS = "$(inherited) @executable_path/Frameworks";
				PRODUCT_BUNDLE_IDENTIFIER = "cards-wire.edu.coredata";
				PRODUCT_NAME = "$(TARGET_NAME)";
			};
			name = Debug;
		};
		84C9AB9A1BFC6A7F00DD7DFB /* Release */ = {
			isa = XCBuildConfiguration;
			buildSettings = {
				ASSETCATALOG_COMPILER_APPICON_NAME = AppIcon;
				INFOPLIST_FILE = coredata/Info.plist;
				LD_RUNPATH_SEARCH_PATHS = "$(inherited) @executable_path/Frameworks";
				PRODUCT_BUNDLE_IDENTIFIER = "cards-wire.edu.coredata";
				PRODUCT_NAME = "$(TARGET_NAME)";
			};
			name = Release;
		};
/* End XCBuildConfiguration section */

/* Begin XCConfigurationList section */
		84C9AB791BFC6A7E00DD7DFB /* Build configuration list for PBXProject "coredata" */ = {
			isa = XCConfigurationList;
			buildConfigurations = (
				84C9AB961BFC6A7F00DD7DFB /* Debug */,
				84C9AB971BFC6A7F00DD7DFB /* Release */,
			);
			defaultConfigurationIsVisible = 0;
			defaultConfigurationName = Release;
		};
		84C9AB981BFC6A7F00DD7DFB /* Build configuration list for PBXNativeTarget "coredata" */ = {
			isa = XCConfigurationList;
			buildConfigurations = (
				84C9AB991BFC6A7F00DD7DFB /* Debug */,
				84C9AB9A1BFC6A7F00DD7DFB /* Release */,
			);
			defaultConfigurationIsVisible = 0;
			defaultConfigurationName = Release;
		};
/* End XCConfigurationList section */

/* Begin XCVersionGroup section */
		84C9AB8D1BFC6A7F00DD7DFB /* coredata.xcdatamodeld */ = {
			isa = XCVersionGroup;
			children = (
				84C8B5AB1C0D97E00066EA9A /* coredata 5.xcdatamodel */,
				84C9ABF71C05A6E500DD7DFB /* coredata 4.xcdatamodel */,
				84C9ABB61C030EFF00DD7DFB /* coredata 3.xcdatamodel */,
				84C9ABB51C030A2F00DD7DFB /* coredata 2.xcdatamodel */,
				84C9AB8E1BFC6A7F00DD7DFB /* coredata.xcdatamodel */,
			);
			currentVersion = 84C8B5AB1C0D97E00066EA9A /* coredata 5.xcdatamodel */;
			path = coredata.xcdatamodeld;
			sourceTree = "<group>";
			versionGroupType = wrapper.xcdatamodel;
		};
/* End XCVersionGroup section */
	};
	rootObject = 84C9AB761BFC6A7E00DD7DFB /* Project object */;
}
