// !$*UTF8*$!
{
	archiveVersion = 1;
	classes = {
	};
	objectVersion = 46;
	objects = {

/* Begin PBXBuildFile section */
		84C9AB831BFC6A7E00DD7DFB /* main.m in Sources */ = {isa = PBXBuildFile; fileRef = 84C9AB821BFC6A7E00DD7DFB /* main.m */; };
		84C9AB861BFC6A7E00DD7DFB /* AppDelegate.m in Sources */ = {isa = PBXBuildFile; fileRef = 84C9AB851BFC6A7E00DD7DFB /* AppDelegate.m */; };
		84C9AB891BFC6A7E00DD7DFB /* ViewController.m in Sources */ = {isa = PBXBuildFile; fileRef = 84C9AB881BFC6A7E00DD7DFB /* ViewController.m */; };
		84C9AB8C1BFC6A7F00DD7DFB /* Main.storyboard in Resources */ = {isa = PBXBuildFile; fileRef = 84C9AB8A1BFC6A7F00DD7DFB /* Main.storyboard */; };
		84C9AB8F1BFC6A7F00DD7DFB /* coredata.xcdatamodeld in Sources */ = {isa = PBXBuildFile; fileRef = 84C9AB8D1BFC6A7F00DD7DFB /* coredata.xcdatamodeld */; };
		84C9AB911BFC6A7F00DD7DFB /* Assets.xcassets in Resources */ = {isa = PBXBuildFile; fileRef = 84C9AB901BFC6A7F00DD7DFB /* Assets.xcassets */; };
		84C9AB941BFC6A7F00DD7DFB /* LaunchScreen.storyboard in Resources */ = {isa = PBXBuildFile; fileRef = 84C9AB921BFC6A7F00DD7DFB /* LaunchScreen.storyboard */; };
		84C9ABA41BFC70A800DD7DFB /* Person+CoreDataProperties.m in Sources */ = {isa = PBXBuildFile; fileRef = 84C9AB9D1BFC70A800DD7DFB /* Person+CoreDataProperties.m */; settings = {ASSET_TAGS = (); }; };
		84C9ABA51BFC70A800DD7DFB /* Person.m in Sources */ = {isa = PBXBuildFile; fileRef = 84C9AB9F1BFC70A800DD7DFB /* Person.m */; settings = {ASSET_TAGS = (); }; };
		84C9ABA61BFC70A800DD7DFB /* Phone+CoreDataProperties.m in Sources */ = {isa = PBXBuildFile; fileRef = 84C9ABA11BFC70A800DD7DFB /* Phone+CoreDataProperties.m */; settings = {ASSET_TAGS = (); }; };
		84C9ABA71BFC70A800DD7DFB /* Phone.m in Sources */ = {isa = PBXBuildFile; fileRef = 84C9ABA31BFC70A800DD7DFB /* Phone.m */; settings = {ASSET_TAGS = (); }; };
		84C9ABAA1BFC72A300DD7DFB /* TextFieldTableViewCell.m in Sources */ = {isa = PBXBuildFile; fileRef = 84C9ABA91BFC72A300DD7DFB /* TextFieldTableViewCell.m */; settings = {ASSET_TAGS = (); }; };
		84C9ABAE1BFC73C100DD7DFB /* AddPersonController.m in Sources */ = {isa = PBXBuildFile; fileRef = 84C9ABAD1BFC73C100DD7DFB /* AddPersonController.m */; settings = {ASSET_TAGS = (); }; };
		84C9ABB11BFC751E00DD7DFB /* NSManagedObjectContext+MainContext.m in Sources */ = {isa = PBXBuildFile; fileRef = 84C9ABB01BFC751E00DD7DFB /* NSManagedObjectContext+MainContext.m */; settings = {ASSET_TAGS = (); }; };
		84C9ABB41C03019800DD7DFB /* NSManagedObject+ActiveDirectory.m in Sources */ = {isa = PBXBuildFile; fileRef = 84C9ABB31C03019800DD7DFB /* NSManagedObject+ActiveDirectory.m */; settings = {ASSET_TAGS = (); }; };
/* End PBXBuildFile section */

/* Begin PBXFileReference section */
		84C9AB7E1BFC6A7E00DD7DFB /* coredata.app */ = {isa = PBXFileReference; explicitFileType = wrapper.application; includeInIndex = 0; path = coredata.app; sourceTree = BUILT_PRODUCTS_DIR; };
		84C9AB821BFC6A7E00DD7DFB /* main.m */ = {isa = PBXFileReference; lastKnownFileType = sourcecode.c.objc; path = main.m; sourceTree = "<group>"; };
		84C9AB841BFC6A7E00DD7DFB /* AppDelegate.h */ = {isa = PBXFileReference; lastKnownFileType = sourcecode.c.h; path = AppDelegate.h; sourceTree = "<group>"; };
		84C9AB851BFC6A7E00DD7DFB /* AppDelegate.m */ = {isa = PBXFileReference; lastKnownFileType = sourcecode.c.objc; path = AppDelegate.m; sourceTree = "<group>"; };
		84C9AB871BFC6A7E00DD7DFB /* ViewController.h */ = {isa = PBXFileReference; lastKnownFileType = sourcecode.c.h; path = ViewController.h; sourceTree = "<group>"; };
		84C9AB881BFC6A7E00DD7DFB /* ViewController.m */ = {isa = PBXFileReference; lastKnownFileType = sourcecode.c.objc; path = ViewController.m; sourceTree = "<group>"; };
		84C9AB8B1BFC6A7F00DD7DFB /* Base */ = {isa = PBXFileReference; lastKnownFileType = file.storyboard; name = Base; path = Base.lproj/Main.storyboard; sourceTree = "<group>"; };
		84C9AB8E1BFC6A7F00DD7DFB /* coredata.xcdatamodel */ = {isa = PBXFileReference; lastKnownFileType = wrapper.xcdatamodel; path = coredata.xcdatamodel; sourceTree = "<group>"; };
		84C9AB901BFC6A7F00DD7DFB /* Assets.xcassets */ = {isa = PBXFileReference; lastKnownFileType = folder.assetcatalog; path = Assets.xcassets; sourceTree = "<group>"; };
		84C9AB931BFC6A7F00DD7DFB /* Base */ = {isa = PBXFileReference; lastKnownFileType = file.storyboard; name = Base; path = Base.lproj/LaunchScreen.storyboard; sourceTree = "<group>"; };
		84C9AB951BFC6A7F00DD7DFB /* Info.plist */ = {isa = PBXFileReference; lastKnownFileType = text.plist.xml; path = Info.plist; sourceTree = "<group>"; };
		84C9AB9C1BFC70A800DD7DFB /* Person+CoreDataProperties.h */ = {isa = PBXFileReference; fileEncoding = 4; lastKnownFileType = sourcecode.c.h; name = "Person+CoreDataProperties.h"; path = "Models/Person+CoreDataProperties.h"; sourceTree = "<group>"; };
		84C9AB9D1BFC70A800DD7DFB /* Person+CoreDataProperties.m */ = {isa = PBXFileReference; fileEncoding = 4; lastKnownFileType = sourcecode.c.objc; name = "Person+CoreDataProperties.m"; path = "Models/Person+CoreDataProperties.m"; sourceTree = "<group>"; };
		84C9AB9E1BFC70A800DD7DFB /* Person.h */ = {isa = PBXFileReference; fileEncoding = 4; lastKnownFileType = sourcecode.c.h; name = Person.h; path = Models/Person.h; sourceTree = "<group>"; };
		84C9AB9F1BFC70A800DD7DFB /* Person.m */ = {isa = PBXFileReference; fileEncoding = 4; lastKnownFileType = sourcecode.c.objc; name = Person.m; path = Models/Person.m; sourceTree = "<group>"; };
		84C9ABA01BFC70A800DD7DFB /* Phone+CoreDataProperties.h */ = {isa = PBXFileReference; fileEncoding = 4; lastKnownFileType = sourcecode.c.h; name = "Phone+CoreDataProperties.h"; path = "Models/Phone+CoreDataProperties.h"; sourceTree = "<group>"; };
		84C9ABA11BFC70A800DD7DFB /* Phone+CoreDataProperties.m */ = {isa = PBXFileReference; fileEncoding = 4; lastKnownFileType = sourcecode.c.objc; name = "Phone+CoreDataProperties.m"; path = "Models/Phone+CoreDataProperties.m"; sourceTree = "<group>"; };
		84C9ABA21BFC70A800DD7DFB /* Phone.h */ = {isa = PBXFileReference; fileEncoding = 4; lastKnownFileType = sourcecode.c.h; name = Phone.h; path = Models/Phone.h; sourceTree = "<group>"; };
		84C9ABA31BFC70A800DD7DFB /* Phone.m */ = {isa = PBXFileReference; fileEncoding = 4; lastKnownFileType = sourcecode.c.objc; name = Phone.m; path = Models/Phone.m; sourceTree = "<group>"; };
		84C9ABA81BFC72A300DD7DFB /* TextFieldTableViewCell.h */ = {isa = PBXFileReference; fileEncoding = 4; lastKnownFileType = sourcecode.c.h; name = TextFieldTableViewCell.h; path = Cells/TextFieldTableViewCell.h; sourceTree = "<group>"; };
		84C9ABA91BFC72A300DD7DFB /* TextFieldTableViewCell.m */ = {isa = PBXFileReference; fileEncoding = 4; lastKnownFileType = sourcecode.c.objc; name = TextFieldTableViewCell.m; path = Cells/TextFieldTableViewCell.m; sourceTree = "<group>"; };
		84C9ABAC1BFC73C100DD7DFB /* AddPersonController.h */ = {isa = PBXFileReference; fileEncoding = 4; lastKnownFileType = sourcecode.c.h; path = AddPersonController.h; sourceTree = "<group>"; };
		84C9ABAD1BFC73C100DD7DFB /* AddPersonController.m */ = {isa = PBXFileReference; fileEncoding = 4; lastKnownFileType = sourcecode.c.objc; path = AddPersonController.m; sourceTree = "<group>"; };
		84C9ABAF1BFC751E00DD7DFB /* NSManagedObjectContext+MainContext.h */ = {isa = PBXFileReference; fileEncoding = 4; lastKnownFileType = sourcecode.c.h; path = "NSManagedObjectContext+MainContext.h"; sourceTree = "<group>"; };
		84C9ABB01BFC751E00DD7DFB /* NSManagedObjectContext+MainContext.m */ = {isa = PBXFileReference; fileEncoding = 4; lastKnownFileType = sourcecode.c.objc; path = "NSManagedObjectContext+MainContext.m"; sourceTree = "<group>"; };
		84C9ABB21C03019800DD7DFB /* NSManagedObject+ActiveDirectory.h */ = {isa = PBXFileReference; fileEncoding = 4; lastKnownFileType = sourcecode.c.h; name = "NSManagedObject+ActiveDirectory.h"; path = "Models/NSManagedObject+ActiveDirectory.h"; sourceTree = "<group>"; };
		84C9ABB31C03019800DD7DFB /* NSManagedObject+ActiveDirectory.m */ = {isa = PBXFileReference; fileEncoding = 4; lastKnownFileType = sourcecode.c.objc; name = "NSManagedObject+ActiveDirectory.m"; path = "Models/NSManagedObject+ActiveDirectory.m"; sourceTree = "<group>"; };
/* End PBXFileReference section */

/* Begin PBXFrameworksBuildPhase section */
		84C9AB7B1BFC6A7E00DD7DFB /* Frameworks */ = {
			isa = PBXFrameworksBuildPhase;
			buildActionMask = 2147483647;
			files = (
			);
			runOnlyForDeploymentPostprocessing = 0;
		};
/* End PBXFrameworksBuildPhase section */

/* Begin PBXGroup section */
		84C9AB751BFC6A7E00DD7DFB = {
			isa = PBXGroup;
			children = (
				84C9AB801BFC6A7E00DD7DFB /* coredata */,
				84C9AB7F1BFC6A7E00DD7DFB /* Products */,
			);
			sourceTree = "<group>";
		};
		84C9AB7F1BFC6A7E00DD7DFB /* Products */ = {
			isa = PBXGroup;
			children = (
				84C9AB7E1BFC6A7E00DD7DFB /* coredata.app */,
			);
			name = Products;
			sourceTree = "<group>";
		};
		84C9AB801BFC6A7E00DD7DFB /* coredata */ = {
			isa = PBXGroup;
			children = (
				84C9ABAF1BFC751E00DD7DFB /* NSManagedObjectContext+MainContext.h */,
				84C9ABB01BFC751E00DD7DFB /* NSManagedObjectContext+MainContext.m */,
				84C9ABAB1BFC72A800DD7DFB /* Cells */,
				84C9AB9B1BFC704000DD7DFB /* Models */,
				84C9AB871BFC6A7E00DD7DFB /* ViewController.h */,
				84C9AB881BFC6A7E00DD7DFB /* ViewController.m */,
				84C9ABAC1BFC73C100DD7DFB /* AddPersonController.h */,
				84C9ABAD1BFC73C100DD7DFB /* AddPersonController.m */,
				84C9AB8A1BFC6A7F00DD7DFB /* Main.storyboard */,
				84C9AB901BFC6A7F00DD7DFB /* Assets.xcassets */,
				84C9AB921BFC6A7F00DD7DFB /* LaunchScreen.storyboard */,
				84C9AB951BFC6A7F00DD7DFB /* Info.plist */,
				84C9AB8D1BFC6A7F00DD7DFB /* coredata.xcdatamodeld */,
				84C9AB811BFC6A7E00DD7DFB /* Supporting Files */,
			);
			path = coredata;
			sourceTree = "<group>";
		};
		84C9AB811BFC6A7E00DD7DFB /* Supporting Files */ = {
			isa = PBXGroup;
			children = (
				84C9AB841BFC6A7E00DD7DFB /* AppDelegate.h */,
				84C9AB851BFC6A7E00DD7DFB /* AppDelegate.m */,
				84C9AB821BFC6A7E00DD7DFB /* main.m */,
			);
			name = "Supporting Files";
			sourceTree = "<group>";
		};
		84C9AB9B1BFC704000DD7DFB /* Models */ = {
			isa = PBXGroup;
			children = (
				84C9ABB21C03019800DD7DFB /* NSManagedObject+ActiveDirectory.h */,
				84C9ABB31C03019800DD7DFB /* NSManagedObject+ActiveDirectory.m */,
				84C9AB9C1BFC70A800DD7DFB /* Person+CoreDataProperties.h */,
				84C9AB9D1BFC70A800DD7DFB /* Person+CoreDataProperties.m */,
				84C9AB9E1BFC70A800DD7DFB /* Person.h */,
				84C9AB9F1BFC70A800DD7DFB /* Person.m */,
				84C9ABA01BFC70A800DD7DFB /* Phone+CoreDataProperties.h */,
				84C9ABA11BFC70A800DD7DFB /* Phone+CoreDataProperties.m */,
				84C9ABA21BFC70A800DD7DFB /* Phone.h */,
				84C9ABA31BFC70A800DD7DFB /* Phone.m */,
			);
			name = Models;
			sourceTree = "<group>";
		};
		84C9ABAB1BFC72A800DD7DFB /* Cells */ = {
			isa = PBXGroup;
			children = (
				84C9ABA81BFC72A300DD7DFB /* TextFieldTableViewCell.h */,
				84C9ABA91BFC72A300DD7DFB /* TextFieldTableViewCell.m */,
			);
			name = Cells;
			sourceTree = "<group>";
		};
/* End PBXGroup section */

/* Begin PBXNativeTarget section */
		84C9AB7D1BFC6A7E00DD7DFB /* coredata */ = {
			isa = PBXNativeTarget;
			buildConfigurationList = 84C9AB981BFC6A7F00DD7DFB /* Build configuration list for PBXNativeTarget "coredata" */;
			buildPhases = (
				84C9AB7A1BFC6A7E00DD7DFB /* Sources */,
				84C9AB7B1BFC6A7E00DD7DFB /* Frameworks */,
				84C9AB7C1BFC6A7E00DD7DFB /* Resources */,
			);
			buildRules = (
			);
			dependencies = (
			);
			name = coredata;
			productName = coredata;
			productReference = 84C9AB7E1BFC6A7E00DD7DFB /* coredata.app */;
			productType = "com.apple.product-type.application";
		};
/* End PBXNativeTarget section */

/* Begin PBXProject section */
		84C9AB761BFC6A7E00DD7DFB /* Project object */ = {
			isa = PBXProject;
			attributes = {
				LastUpgradeCheck = 0700;
				ORGANIZATIONNAME = "Wire IT College";
				TargetAttributes = {
					84C9AB7D1BFC6A7E00DD7DFB = {
						CreatedOnToolsVersion = 7.0.1;
					};
				};
			};
			buildConfigurationList = 84C9AB791BFC6A7E00DD7DFB /* Build configuration list for PBXProject "coredata" */;
			compatibilityVersion = "Xcode 3.2";
			developmentRegion = English;
			hasScannedForEncodings = 0;
			knownRegions = (
				en,
				Base,
			);
			mainGroup = 84C9AB751BFC6A7E00DD7DFB;
			productRefGroup = 84C9AB7F1BFC6A7E00DD7DFB /* Products */;
			projectDirPath = "";
			projectRoot = "";
			targets = (
				84C9AB7D1BFC6A7E00DD7DFB /* coredata */,
			);
		};
/* End PBXProject section */

/* Begin PBXResourcesBuildPhase section */
		84C9AB7C1BFC6A7E00DD7DFB /* Resources */ = {
			isa = PBXResourcesBuildPhase;
			buildActionMask = 2147483647;
			files = (
				84C9AB941BFC6A7F00DD7DFB /* LaunchScreen.storyboard in Resources */,
				84C9AB911BFC6A7F00DD7DFB /* Assets.xcassets in Resources */,
				84C9AB8C1BFC6A7F00DD7DFB /* Main.storyboard in Resources */,
			);
			runOnlyForDeploymentPostprocessing = 0;
		};
/* End PBXResourcesBuildPhase section */

/* Begin PBXSourcesBuildPhase section */
		84C9AB7A1BFC6A7E00DD7DFB /* Sources */ = {
			isa = PBXSourcesBuildPhase;
			buildActionMask = 2147483647;
			files = (
				84C9ABAE1BFC73C100DD7DFB /* AddPersonController.m in Sources */,
				84C9ABA61BFC70A800DD7DFB /* Phone+CoreDataProperties.m in Sources */,
				84C9ABA51BFC70A800DD7DFB /* Person.m in Sources */,
				84C9ABB41C03019800DD7DFB /* NSManagedObject+ActiveDirectory.m in Sources */,
				84C9AB8F1BFC6A7F00DD7DFB /* coredata.xcdatamodeld in Sources */,
				84C9AB891BFC6A7E00DD7DFB /* ViewController.m in Sources */,
				84C9ABB11BFC751E00DD7DFB /* NSManagedObjectContext+MainContext.m in Sources */,
				84C9ABA71BFC70A800DD7DFB /* Phone.m in Sources */,
				84C9AB861BFC6A7E00DD7DFB /* AppDelegate.m in Sources */,
				84C9ABA41BFC70A800DD7DFB /* Person+CoreDataProperties.m in Sources */,
				84C9AB831BFC6A7E00DD7DFB /* main.m in Sources */,
				84C9ABAA1BFC72A300DD7DFB /* TextFieldTableViewCell.m in Sources */,
			);
			runOnlyForDeploymentPostprocessing = 0;
		};
/* End PBXSourcesBuildPhase section */

/* Begin PBXVariantGroup section */
		84C9AB8A1BFC6A7F00DD7DFB /* Main.storyboard */ = {
			isa = PBXVariantGroup;
			children = (
				84C9AB8B1BFC6A7F00DD7DFB /* Base */,
			);
			name = Main.storyboard;
			sourceTree = "<group>";
		};
		84C9AB921BFC6A7F00DD7DFB /* LaunchScreen.storyboard */ = {
			isa = PBXVariantGroup;
			children = (
				84C9AB931BFC6A7F00DD7DFB /* Base */,
			);
			name = LaunchScreen.storyboard;
			sourceTree = "<group>";
		};
/* End PBXVariantGroup section */

/* Begin XCBuildConfiguration section */
		84C9AB961BFC6A7F00DD7DFB /* Debug */ = {
			isa = XCBuildConfiguration;
			buildSettings = {
				ALWAYS_SEARCH_USER_PATHS = NO;
				CLANG_CXX_LANGUAGE_STANDARD = "gnu++0x";
				CLANG_CXX_LIBRARY = "libc++";
				CLANG_ENABLE_MODULES = YES;
				CLANG_ENABLE_OBJC_ARC = YES;
				CLANG_WARN_BOOL_CONVERSION = YES;
				CLANG_WARN_CONSTANT_CONVERSION = YES;
				CLANG_WARN_DIRECT_OBJC_ISA_USAGE = YES_ERROR;
				CLANG_WARN_EMPTY_BODY = YES;
				CLANG_WARN_ENUM_CONVERSION = YES;
				CLANG_WARN_INT_CONVERSION = YES;
				CLANG_WARN_OBJC_ROOT_CLASS = YES_ERROR;
				CLANG_WARN_UNREACHABLE_CODE = YES;
				CLANG_WARN__DUPLICATE_METHOD_MATCH = YES;
				"CODE_SIGN_IDENTITY[sdk=iphoneos*]" = "iPhone Developer";
				COPY_PHASE_STRIP = NO;
				DEBUG_INFORMATION_FORMAT = dwarf;
				ENABLE_STRICT_OBJC_MSGSEND = YES;
				ENABLE_TESTABILITY = YES;
				GCC_C_LANGUAGE_STANDARD = gnu99;
				GCC_DYNAMIC_NO_PIC = NO;
				GCC_NO_COMMON_BLOCKS = YES;
				GCC_OPTIMIZATION_LEVEL = 0;
				GCC_PREPROCESSOR_DEFINITIONS = (
					"DEBUG=1",
					"$(inherited)",
				);
				GCC_WARN_64_TO_32_BIT_CONVERSION = YES;
				GCC_WARN_ABOUT_RETURN_TYPE = YES_ERROR;
				GCC_WARN_UNDECLARED_SELECTOR = YES;
				GCC_WARN_UNINITIALIZED_AUTOS = YES_AGGRESSIVE;
				GCC_WARN_UNUSED_FUNCTION = YES;
				GCC_WARN_UNUSED_VARIABLE = YES;
				IPHONEOS_DEPLOYMENT_TARGET = 9.0;
				MTL_ENABLE_DEBUG_INFO = YES;
				ONLY_ACTIVE_ARCH = YES;
				SDKROOT = iphoneos;
			};
			name = Debug;
		};
		84C9AB971BFC6A7F00DD7DFB /* Release */ = {
			isa = XCBuildConfiguration;
			buildSettings = {
				ALWAYS_SEARCH_USER_PATHS = NO;
				CLANG_CXX_LANGUAGE_STANDARD = "gnu++0x";
				CLANG_CXX_LIBRARY = "libc++";
				CLANG_ENABLE_MODULES = YES;
				CLANG_ENABLE_OBJC_ARC = YES;
				CLANG_WARN_BOOL_CONVERSION = YES;
				CLANG_WARN_CONSTANT_CONVERSION = YES;
				CLANG_WARN_DIRECT_OBJC_ISA_USAGE = YES_ERROR;
				CLANG_WARN_EMPTY_BODY = YES;
				CLANG_WARN_ENUM_CONVERSION = YES;
				CLANG_WARN_INT_CONVERSION = YES;
				CLANG_WARN_OBJC_ROOT_CLASS = YES_ERROR;
				CLANG_WARN_UNREACHABLE_CODE = YES;
				CLANG_WARN__DUPLICATE_METHOD_MATCH = YES;
				"CODE_SIGN_IDENTITY[sdk=iphoneos*]" = "iPhone Developer";
				COPY_PHASE_STRIP = NO;
				DEBUG_INFORMATION_FORMAT = "dwarf-with-dsym";
				ENABLE_NS_ASSERTIONS = NO;
				ENABLE_STRICT_OBJC_MSGSEND = YES;
				GCC_C_LANGUAGE_STANDARD = gnu99;
				GCC_NO_COMMON_BLOCKS = YES;
				GCC_WARN_64_TO_32_BIT_CONVERSION = YES;
				GCC_WARN_ABOUT_RETURN_TYPE = YES_ERROR;
				GCC_WARN_UNDECLARED_SELECTOR = YES;
				GCC_WARN_UNINITIALIZED_AUTOS = YES_AGGRESSIVE;
				GCC_WARN_UNUSED_FUNCTION = YES;
				GCC_WARN_UNUSED_VARIABLE = YES;
				IPHONEOS_DEPLOYMENT_TARGET = 9.0;
				MTL_ENABLE_DEBUG_INFO = NO;
				SDKROOT = iphoneos;
				VALIDATE_PRODUCT = YES;
			};
			name = Release;
		};
		84C9AB991BFC6A7F00DD7DFB /* Debug */ = {
			isa = XCBuildConfiguration;
			buildSettings = {
				ASSETCATALOG_COMPILER_APPICON_NAME = AppIcon;
				INFOPLIST_FILE = coredata/Info.plist;
				LD_RUNPATH_SEARCH_PATHS = "$(inherited) @executable_path/Frameworks";
				PRODUCT_BUNDLE_IDENTIFIER = "cards-wire.edu.coredata";
				PRODUCT_NAME = "$(TARGET_NAME)";
			};
			name = Debug;
		};
		84C9AB9A1BFC6A7F00DD7DFB /* Release */ = {
			isa = XCBuildConfiguration;
			buildSettings = {
				ASSETCATALOG_COMPILER_APPICON_NAME = AppIcon;
				INFOPLIST_FILE = coredata/Info.plist;
				LD_RUNPATH_SEARCH_PATHS = "$(inherited) @executable_path/Frameworks";
				PRODUCT_BUNDLE_IDENTIFIER = "cards-wire.edu.coredata";
				PRODUCT_NAME = "$(TARGET_NAME)";
			};
			name = Release;
		};
/* End XCBuildConfiguration section */

/* Begin XCConfigurationList section */
		84C9AB791BFC6A7E00DD7DFB /* Build configuration list for PBXProject "coredata" */ = {
			isa = XCConfigurationList;
			buildConfigurations = (
				84C9AB961BFC6A7F00DD7DFB /* Debug */,
				84C9AB971BFC6A7F00DD7DFB /* Release */,
			);
			defaultConfigurationIsVisible = 0;
			defaultConfigurationName = Release;
		};
		84C9AB981BFC6A7F00DD7DFB /* Build configuration list for PBXNativeTarget "coredata" */ = {
			isa = XCConfigurationList;
			buildConfigurations = (
				84C9AB991BFC6A7F00DD7DFB /* Debug */,
				84C9AB9A1BFC6A7F00DD7DFB /* Release */,
			);
			defaultConfigurationIsVisible = 0;
		};
/* End XCConfigurationList section */

/* Begin XCVersionGroup section */
		84C9AB8D1BFC6A7F00DD7DFB /* coredata.xcdatamodeld */ = {
			isa = XCVersionGroup;
			children = (
				84C9AB8E1BFC6A7F00DD7DFB /* coredata.xcdatamodel */,
			);
			currentVersion = 84C9AB8E1BFC6A7F00DD7DFB /* coredata.xcdatamodel */;
			path = coredata.xcdatamodeld;
			sourceTree = "<group>";
			versionGroupType = wrapper.xcdatamodel;
		};
/* End XCVersionGroup section */
	};
	rootObject = 84C9AB761BFC6A7E00DD7DFB /* Project object */;
}
